PODS:
  - Camera (0.0.1):
    - GPUImage (= 0.1.7)
  - GPUImage (0.1.7)

DEPENDENCIES:
  - Camera (from `https://github.com/nextc/camera-ios.git`, branch `dev_camera_mode`)

SPEC REPOS:
  https://github.com/cocoapods/specs.git:
    - GPUImage

EXTERNAL SOURCES:
  Camera:
    :branch: dev_camera_mode
    :git: https://github.com/nextc/camera-ios.git

CHECKOUT OPTIONS:
  Camera:
    :commit: 6b6b4b55b4bfe265a057a7cb43150ea58cdc05a1
    :git: https://github.com/nextc/camera-ios.git

SPEC CHECKSUMS:
  Camera: b9b411bff815490248f5fdf557698284bba1c9ba
  GPUImage: 733a5f0fab92df9de1c37ba9df520a833ccb406d

PODFILE CHECKSUM: c78889853f6ea841701dcd36e3b56af1796274f1

COCOAPODS: 1.5.3
